
Microsoft Visual Studio Solution File, Format Version 12.00
Project("{FAE04EC0-301F-11D3-BF4B-00C04F79EFBC}") = "AbstractFactoryPattern", "AbstractFactoryPattern\AbstractFactoryPattern.csproj", "{3B954654-1984-4F7C-B6CF-84F891810FE6}"
EndProject
Project("{2150E333-8FDC-42A3-9474-1A3956D46DE8}") = "01-FactoryMethodPattern", "01-FactoryMethodPattern", "{32AC3594-615F-45F8-9B12-4312D7F79DFE}"
EndProject
Project("{2150E333-8FDC-42A3-9474-1A3956D46DE8}") = "02-AbstractFactoryPattern", "02-AbstractFactoryPattern", "{B8932395-0EE2-492C-AB5D-3D84CCDFB2CE}"
EndProject
Project("{FAE04EC0-301F-11D3-BF4B-00C04F79EFBC}") = "FactoryMethodPattern", "FactoryMethodPattern\FactoryMethodPattern.csproj", "{66A8E60B-E765-45D3-B578-9D4D9A7D4AAE}"
EndProject
Project("{2150E333-8FDC-42A3-9474-1A3956D46DE8}") = ".root", ".root", "{A42DEB3F-EB47-4415-AB0D-5FC9B45E31AD}"
	ProjectSection(SolutionItems) = preProject
		Directory.Build.props = Directory.Build.props
		.gitignore = .gitignore
		LICENSE = LICENSE
	EndProjectSection
EndProject
Project("{2150E333-8FDC-42A3-9474-1A3956D46DE8}") = "03-BuilderPattern", "03-BuilderPattern", "{BA6812DC-B289-44CF-B331-F66C094BA028}"
EndProject
Project("{FAE04EC0-301F-11D3-BF4B-00C04F79EFBC}") = "BuilderPattern", "BuilderPattern\BuilderPattern.csproj", "{D1FB380C-BBB2-4626-B8FE-7217F7689CD0}"
EndProject
Project("{2150E333-8FDC-42A3-9474-1A3956D46DE8}") = "04-PrototypePattern", "04-PrototypePattern", "{938B3083-4DB5-409F-89A9-1DDE4E0565A6}"
EndProject
Project("{FAE04EC0-301F-11D3-BF4B-00C04F79EFBC}") = "PrototypePattern", "PrototypePattern\PrototypePattern.csproj", "{28FA5F97-FB0A-410E-B38E-2F2D59432942}"
EndProject
Project("{2150E333-8FDC-42A3-9474-1A3956D46DE8}") = "05-SingletonPattern", "05-SingletonPattern", "{CE4BE5CC-6515-4C47-8D12-FDE268300D28}"
EndProject
Project("{FAE04EC0-301F-11D3-BF4B-00C04F79EFBC}") = "SingletonPattern", "SingletonPattern\SingletonPattern.csproj", "{B74CD368-279A-4019-826B-2F90487793FD}"
EndProject
Project("{2150E333-8FDC-42A3-9474-1A3956D46DE8}") = "06-AdapterPattern", "06-AdapterPattern", "{3708380B-16B1-4892-B810-849BDF485F0E}"
EndProject
Project("{2150E333-8FDC-42A3-9474-1A3956D46DE8}") = "06-BridgePattern", "06-BridgePattern", "{C0217783-D106-423B-BC0C-E71261026A64}"
EndProject
Project("{2150E333-8FDC-42A3-9474-1A3956D46DE8}") = "07-CompositePattern", "07-CompositePattern", "{23B74A29-6EE5-416C-81C7-75FF5037424F}"
EndProject
Project("{2150E333-8FDC-42A3-9474-1A3956D46DE8}") = "08-DecoratorPattern", "08-DecoratorPattern", "{192FEF1B-4F9B-4D76-BD3A-9DEB6F19C1C5}"
EndProject
Project("{2150E333-8FDC-42A3-9474-1A3956D46DE8}") = "09-FacadePattern", "09-FacadePattern", "{152E8E34-F35C-4D07-941A-B693D701EE7F}"
EndProject
Project("{2150E333-8FDC-42A3-9474-1A3956D46DE8}") = "09-FlyweightPattern", "09-FlyweightPattern", "{38D0DE79-D928-4632-B35E-9FA6174FE4AB}"
EndProject
Project("{2150E333-8FDC-42A3-9474-1A3956D46DE8}") = "10-ProxyPattern", "10-ProxyPattern", "{FDB9B238-A91C-4195-B2CD-7C6DBD7F8179}"
EndProject
Project("{FAE04EC0-301F-11D3-BF4B-00C04F79EFBC}") = "AdapterPattern", "AdapterPattern\AdapterPattern.csproj", "{C43FB09B-B127-48D6-B773-6660B8ECC58C}"
EndProject
Project("{FAE04EC0-301F-11D3-BF4B-00C04F79EFBC}") = "BridgePattern", "BridgePattern\BridgePattern.csproj", "{BBF6EA8C-A5EA-4918-8CEB-47DCFCC35377}"
EndProject
Project("{FAE04EC0-301F-11D3-BF4B-00C04F79EFBC}") = "CompositePattern", "CompositePattern\CompositePattern.csproj", "{E78E0172-780C-44D5-BAD1-61BFA00C570A}"
EndProject
Project("{FAE04EC0-301F-11D3-BF4B-00C04F79EFBC}") = "DecoratorPattern", "DecoratorPattern\DecoratorPattern.csproj", "{17F4B75C-95F3-4461-92D9-8C0B7A121302}"
EndProject
Project("{FAE04EC0-301F-11D3-BF4B-00C04F79EFBC}") = "FacadePattern", "FacadePattern\FacadePattern.csproj", "{1C6CCEB4-6385-4EE3-8358-D60D54836AB8}"
EndProject
Project("{FAE04EC0-301F-11D3-BF4B-00C04F79EFBC}") = "FlyweightPattern", "FlyweightPattern\FlyweightPattern.csproj", "{69D0C85B-C6C2-44D6-A0AE-2432A8C8DEE2}"
EndProject
Project("{FAE04EC0-301F-11D3-BF4B-00C04F79EFBC}") = "ProxyPattern", "ProxyPattern\ProxyPattern.csproj", "{AE71AC4E-DD20-4F66-8CBE-CB03C074C072}"
EndProject
Project("{2150E333-8FDC-42A3-9474-1A3956D46DE8}") = "11-ChainOfResponsibilityPattern", "11-ChainOfResponsibilityPattern", "{1B188A3A-461E-456E-872E-3C12B285BC08}"
EndProject
Project("{FAE04EC0-301F-11D3-BF4B-00C04F79EFBC}") = "ChainOfResponsibilityPattern", "ChainOfResponsibilityPattern\ChainOfResponsibilityPattern.csproj", "{B9C89CB3-C07B-40C7-BA91-351094738F82}"
EndProject
Project("{2150E333-8FDC-42A3-9474-1A3956D46DE8}") = "12-CommandPattern", "12-CommandPattern", "{063A759A-E6F4-443E-A16C-CAED04E12057}"
EndProject
Project("{FAE04EC0-301F-11D3-BF4B-00C04F79EFBC}") = "CommandPattern", "CommandPattern\CommandPattern.csproj", "{8540D08F-1A74-4E49-9FB6-BF077ED45E95}"
EndProject
Project("{2150E333-8FDC-42A3-9474-1A3956D46DE8}") = "13-IteratorPattern", "13-IteratorPattern", "{A4BA7436-083F-470A-94D5-BA2D55E2CC15}"
EndProject
Project("{FAE04EC0-301F-11D3-BF4B-00C04F79EFBC}") = "IteratorPattern", "IteratorPattern\IteratorPattern.csproj", "{3A2C924A-A429-4D23-A905-812A947EAD38}"
EndProject
Global
	GlobalSection(SolutionConfigurationPlatforms) = preSolution
		Debug|Any CPU = Debug|Any CPU
		Release|Any CPU = Release|Any CPU
	EndGlobalSection
	GlobalSection(ProjectConfigurationPlatforms) = postSolution
		{3B954654-1984-4F7C-B6CF-84F891810FE6}.Debug|Any CPU.ActiveCfg = Debug|Any CPU
		{3B954654-1984-4F7C-B6CF-84F891810FE6}.Debug|Any CPU.Build.0 = Debug|Any CPU
		{3B954654-1984-4F7C-B6CF-84F891810FE6}.Release|Any CPU.ActiveCfg = Release|Any CPU
		{3B954654-1984-4F7C-B6CF-84F891810FE6}.Release|Any CPU.Build.0 = Release|Any CPU
		{66A8E60B-E765-45D3-B578-9D4D9A7D4AAE}.Debug|Any CPU.ActiveCfg = Debug|Any CPU
		{66A8E60B-E765-45D3-B578-9D4D9A7D4AAE}.Debug|Any CPU.Build.0 = Debug|Any CPU
		{66A8E60B-E765-45D3-B578-9D4D9A7D4AAE}.Release|Any CPU.ActiveCfg = Release|Any CPU
		{66A8E60B-E765-45D3-B578-9D4D9A7D4AAE}.Release|Any CPU.Build.0 = Release|Any CPU
		{D1FB380C-BBB2-4626-B8FE-7217F7689CD0}.Debug|Any CPU.ActiveCfg = Debug|Any CPU
		{D1FB380C-BBB2-4626-B8FE-7217F7689CD0}.Debug|Any CPU.Build.0 = Debug|Any CPU
		{D1FB380C-BBB2-4626-B8FE-7217F7689CD0}.Release|Any CPU.ActiveCfg = Release|Any CPU
		{D1FB380C-BBB2-4626-B8FE-7217F7689CD0}.Release|Any CPU.Build.0 = Release|Any CPU
		{28FA5F97-FB0A-410E-B38E-2F2D59432942}.Debug|Any CPU.ActiveCfg = Debug|Any CPU
		{28FA5F97-FB0A-410E-B38E-2F2D59432942}.Debug|Any CPU.Build.0 = Debug|Any CPU
		{28FA5F97-FB0A-410E-B38E-2F2D59432942}.Release|Any CPU.ActiveCfg = Release|Any CPU
		{28FA5F97-FB0A-410E-B38E-2F2D59432942}.Release|Any CPU.Build.0 = Release|Any CPU
		{B74CD368-279A-4019-826B-2F90487793FD}.Debug|Any CPU.ActiveCfg = Debug|Any CPU
		{B74CD368-279A-4019-826B-2F90487793FD}.Debug|Any CPU.Build.0 = Debug|Any CPU
		{B74CD368-279A-4019-826B-2F90487793FD}.Release|Any CPU.ActiveCfg = Release|Any CPU
		{B74CD368-279A-4019-826B-2F90487793FD}.Release|Any CPU.Build.0 = Release|Any CPU
		{C43FB09B-B127-48D6-B773-6660B8ECC58C}.Debug|Any CPU.ActiveCfg = Debug|Any CPU
		{C43FB09B-B127-48D6-B773-6660B8ECC58C}.Debug|Any CPU.Build.0 = Debug|Any CPU
		{C43FB09B-B127-48D6-B773-6660B8ECC58C}.Release|Any CPU.ActiveCfg = Release|Any CPU
		{C43FB09B-B127-48D6-B773-6660B8ECC58C}.Release|Any CPU.Build.0 = Release|Any CPU
		{BBF6EA8C-A5EA-4918-8CEB-47DCFCC35377}.Debug|Any CPU.ActiveCfg = Debug|Any CPU
		{BBF6EA8C-A5EA-4918-8CEB-47DCFCC35377}.Debug|Any CPU.Build.0 = Debug|Any CPU
		{BBF6EA8C-A5EA-4918-8CEB-47DCFCC35377}.Release|Any CPU.ActiveCfg = Release|Any CPU
		{BBF6EA8C-A5EA-4918-8CEB-47DCFCC35377}.Release|Any CPU.Build.0 = Release|Any CPU
		{E78E0172-780C-44D5-BAD1-61BFA00C570A}.Debug|Any CPU.ActiveCfg = Debug|Any CPU
		{E78E0172-780C-44D5-BAD1-61BFA00C570A}.Debug|Any CPU.Build.0 = Debug|Any CPU
		{E78E0172-780C-44D5-BAD1-61BFA00C570A}.Release|Any CPU.ActiveCfg = Release|Any CPU
		{E78E0172-780C-44D5-BAD1-61BFA00C570A}.Release|Any CPU.Build.0 = Release|Any CPU
		{17F4B75C-95F3-4461-92D9-8C0B7A121302}.Debug|Any CPU.ActiveCfg = Debug|Any CPU
		{17F4B75C-95F3-4461-92D9-8C0B7A121302}.Debug|Any CPU.Build.0 = Debug|Any CPU
		{17F4B75C-95F3-4461-92D9-8C0B7A121302}.Release|Any CPU.ActiveCfg = Release|Any CPU
		{17F4B75C-95F3-4461-92D9-8C0B7A121302}.Release|Any CPU.Build.0 = Release|Any CPU
		{1C6CCEB4-6385-4EE3-8358-D60D54836AB8}.Debug|Any CPU.ActiveCfg = Debug|Any CPU
		{1C6CCEB4-6385-4EE3-8358-D60D54836AB8}.Debug|Any CPU.Build.0 = Debug|Any CPU
		{1C6CCEB4-6385-4EE3-8358-D60D54836AB8}.Release|Any CPU.ActiveCfg = Release|Any CPU
		{1C6CCEB4-6385-4EE3-8358-D60D54836AB8}.Release|Any CPU.Build.0 = Release|Any CPU
		{69D0C85B-C6C2-44D6-A0AE-2432A8C8DEE2}.Debug|Any CPU.ActiveCfg = Debug|Any CPU
		{69D0C85B-C6C2-44D6-A0AE-2432A8C8DEE2}.Debug|Any CPU.Build.0 = Debug|Any CPU
		{69D0C85B-C6C2-44D6-A0AE-2432A8C8DEE2}.Release|Any CPU.ActiveCfg = Release|Any CPU
		{69D0C85B-C6C2-44D6-A0AE-2432A8C8DEE2}.Release|Any CPU.Build.0 = Release|Any CPU
		{AE71AC4E-DD20-4F66-8CBE-CB03C074C072}.Debug|Any CPU.ActiveCfg = Debug|Any CPU
		{AE71AC4E-DD20-4F66-8CBE-CB03C074C072}.Debug|Any CPU.Build.0 = Debug|Any CPU
		{AE71AC4E-DD20-4F66-8CBE-CB03C074C072}.Release|Any CPU.ActiveCfg = Release|Any CPU
		{AE71AC4E-DD20-4F66-8CBE-CB03C074C072}.Release|Any CPU.Build.0 = Release|Any CPU
		{B9C89CB3-C07B-40C7-BA91-351094738F82}.Debug|Any CPU.ActiveCfg = Debug|Any CPU
		{B9C89CB3-C07B-40C7-BA91-351094738F82}.Debug|Any CPU.Build.0 = Debug|Any CPU
		{B9C89CB3-C07B-40C7-BA91-351094738F82}.Release|Any CPU.ActiveCfg = Release|Any CPU
		{B9C89CB3-C07B-40C7-BA91-351094738F82}.Release|Any CPU.Build.0 = Release|Any CPU
		{8540D08F-1A74-4E49-9FB6-BF077ED45E95}.Debug|Any CPU.ActiveCfg = Debug|Any CPU
		{8540D08F-1A74-4E49-9FB6-BF077ED45E95}.Debug|Any CPU.Build.0 = Debug|Any CPU
		{8540D08F-1A74-4E49-9FB6-BF077ED45E95}.Release|Any CPU.ActiveCfg = Release|Any CPU
		{8540D08F-1A74-4E49-9FB6-BF077ED45E95}.Release|Any CPU.Build.0 = Release|Any CPU
		{3A2C924A-A429-4D23-A905-812A947EAD38}.Debug|Any CPU.ActiveCfg = Debug|Any CPU
		{3A2C924A-A429-4D23-A905-812A947EAD38}.Debug|Any CPU.Build.0 = Debug|Any CPU
		{3A2C924A-A429-4D23-A905-812A947EAD38}.Release|Any CPU.ActiveCfg = Release|Any CPU
		{3A2C924A-A429-4D23-A905-812A947EAD38}.Release|Any CPU.Build.0 = Release|Any CPU
	EndGlobalSection
	GlobalSection(NestedProjects) = preSolution
		{3B954654-1984-4F7C-B6CF-84F891810FE6} = {B8932395-0EE2-492C-AB5D-3D84CCDFB2CE}
		{66A8E60B-E765-45D3-B578-9D4D9A7D4AAE} = {32AC3594-615F-45F8-9B12-4312D7F79DFE}
		{D1FB380C-BBB2-4626-B8FE-7217F7689CD0} = {BA6812DC-B289-44CF-B331-F66C094BA028}
		{28FA5F97-FB0A-410E-B38E-2F2D59432942} = {938B3083-4DB5-409F-89A9-1DDE4E0565A6}
		{B74CD368-279A-4019-826B-2F90487793FD} = {CE4BE5CC-6515-4C47-8D12-FDE268300D28}
		{C43FB09B-B127-48D6-B773-6660B8ECC58C} = {3708380B-16B1-4892-B810-849BDF485F0E}
		{BBF6EA8C-A5EA-4918-8CEB-47DCFCC35377} = {C0217783-D106-423B-BC0C-E71261026A64}
		{E78E0172-780C-44D5-BAD1-61BFA00C570A} = {23B74A29-6EE5-416C-81C7-75FF5037424F}
		{17F4B75C-95F3-4461-92D9-8C0B7A121302} = {192FEF1B-4F9B-4D76-BD3A-9DEB6F19C1C5}
		{1C6CCEB4-6385-4EE3-8358-D60D54836AB8} = {152E8E34-F35C-4D07-941A-B693D701EE7F}
		{69D0C85B-C6C2-44D6-A0AE-2432A8C8DEE2} = {38D0DE79-D928-4632-B35E-9FA6174FE4AB}
		{AE71AC4E-DD20-4F66-8CBE-CB03C074C072} = {FDB9B238-A91C-4195-B2CD-7C6DBD7F8179}
		{B9C89CB3-C07B-40C7-BA91-351094738F82} = {1B188A3A-461E-456E-872E-3C12B285BC08}
		{8540D08F-1A74-4E49-9FB6-BF077ED45E95} = {063A759A-E6F4-443E-A16C-CAED04E12057}
		{3A2C924A-A429-4D23-A905-812A947EAD38} = {A4BA7436-083F-470A-94D5-BA2D55E2CC15}
	EndGlobalSection
EndGlobal
